
Microsoft Visual Studio Solution File, Format Version 12.00
# Visual Studio Version 16
VisualStudioVersion = 16.0.30204.135
MinimumVisualStudioVersion = 10.0.40219.1
Project("{FAE04EC0-301F-11D3-BF4B-00C04F79EFBC}") = "OOPCalculatorApp", "OOPCalculatorApp.csproj", "{3B366E2B-9393-4703-BA27-A1E89BD5391B}"
EndProject
Global
	GlobalSection(SolutionConfigurationPlatforms) = preSolution
		Debug|Any CPU = Debug|Any CPU
		Release|Any CPU = Release|Any CPU
	EndGlobalSection
	GlobalSection(ProjectConfigurationPlatforms) = postSolution
		{3B366E2B-9393-4703-BA27-A1E89BD5391B}.Debug|Any CPU.ActiveCfg = Debug|Any CPU
		{3B366E2B-9393-4703-BA27-A1E89BD5391B}.Debug|Any CPU.Build.0 = Debug|Any CPU
		{3B366E2B-9393-4703-BA27-A1E89BD5391B}.Release|Any CPU.ActiveCfg = Release|Any CPU
		{3B366E2B-9393-4703-BA27-A1E89BD5391B}.Release|Any CPU.Build.0 = Release|Any CPU
	EndGlobalSection
	GlobalSection(SolutionProperties) = preSolution
		HideSolutionNode = FALSE
	EndGlobalSection
	GlobalSection(ExtensibilityGlobals) = postSolution
		SolutionGuid = {719E8DA8-ECDB-48F1-9335-C32B689CE75F}
	EndGlobalSection
EndGlobal
